{
  "requires": true,
  "lockfileVersion": 1,
  "dependencies": {
    "@types/three": {
      "version": "0.93.10",
      "resolved": "https://registry.npmjs.org/@types/three/-/three-0.93.10.tgz",
      "integrity": "sha512-FW0I4X3Z05E2m6w5UvAZeJN2aEu8oWPorXIQaxAW1d0BetJHbfjp87lKTh7VUxx4oLjh9hWCt/hEX6vJp7lfmA=="
    }
  }
}
